
Microsoft Visual Studio Solution File, Format Version 12.00
# Visual Studio Version 17
VisualStudioVersion = 17.9.34622.214
MinimumVisualStudioVersion = 10.0.40219.1
Project("{9A19103F-16F7-4668-BE54-9A1E7A4F7556}") = "Puissance4", "Puissance4\Puissance4.csproj", "{0861ACF4-55CF-45F8-B3CA-7AB7019E5A2A}"
EndProject
Project("{9A19103F-16F7-4668-BE54-9A1E7A4F7556}") = "Puissance4.Business", "Puissance4.Business\Puissance4.Business.csproj", "{3DF90558-580A-4827-9412-9FC3F7EC2810}"
EndProject
Project("{9A19103F-16F7-4668-BE54-9A1E7A4F7556}") = "Puissance4.DAL", "Puissance4.DAL\Puissance4.DAL.csproj", "{D4017059-E9C2-49F0-9BFB-C913698CDD98}"
EndProject
Project("{9A19103F-16F7-4668-BE54-9A1E7A4F7556}") = "Puissance4.API", "Puissance4.API\Puissance4.API.csproj", "{6C397608-06BD-4889-8F88-40890F3F00E5}"
EndProject
Project("{9A19103F-16F7-4668-BE54-9A1E7A4F7556}") = "Puissance4.Infrastructure", "Puissance4.Infrastructure\Puissance4.Infrastructure.csproj", "{6C275D9A-599C-45A3-8391-07F92AC49A84}"
EndProject
Project("{9A19103F-16F7-4668-BE54-9A1E7A4F7556}") = "Puissance4.Domain", "Puissance4.Domain\Puissance4.Domain.csproj", "{0B321F89-F3F8-4A90-AB69-C787D443593E}"
EndProject
Project("{00D1A9C2-B5F0-4AF3-8072-F6C62B433612}") = "Puisssance4.DB", "Puisssance4.DB\Puisssance4.DB.sqlproj", "{C32FD30D-BEE3-43EF-894B-154AB94E820F}"
EndProject
Global
	GlobalSection(SolutionConfigurationPlatforms) = preSolution
		Debug|Any CPU = Debug|Any CPU
		Release|Any CPU = Release|Any CPU
	EndGlobalSection
	GlobalSection(ProjectConfigurationPlatforms) = postSolution
		{0861ACF4-55CF-45F8-B3CA-7AB7019E5A2A}.Debug|Any CPU.ActiveCfg = Debug|Any CPU
		{0861ACF4-55CF-45F8-B3CA-7AB7019E5A2A}.Debug|Any CPU.Build.0 = Debug|Any CPU
		{0861ACF4-55CF-45F8-B3CA-7AB7019E5A2A}.Release|Any CPU.ActiveCfg = Release|Any CPU
		{0861ACF4-55CF-45F8-B3CA-7AB7019E5A2A}.Release|Any CPU.Build.0 = Release|Any CPU
		{3DF90558-580A-4827-9412-9FC3F7EC2810}.Debug|Any CPU.ActiveCfg = Debug|Any CPU
		{3DF90558-580A-4827-9412-9FC3F7EC2810}.Debug|Any CPU.Build.0 = Debug|Any CPU
		{3DF90558-580A-4827-9412-9FC3F7EC2810}.Release|Any CPU.ActiveCfg = Release|Any CPU
		{3DF90558-580A-4827-9412-9FC3F7EC2810}.Release|Any CPU.Build.0 = Release|Any CPU
		{D4017059-E9C2-49F0-9BFB-C913698CDD98}.Debug|Any CPU.ActiveCfg = Debug|Any CPU
		{D4017059-E9C2-49F0-9BFB-C913698CDD98}.Debug|Any CPU.Build.0 = Debug|Any CPU
		{D4017059-E9C2-49F0-9BFB-C913698CDD98}.Release|Any CPU.ActiveCfg = Release|Any CPU
		{D4017059-E9C2-49F0-9BFB-C913698CDD98}.Release|Any CPU.Build.0 = Release|Any CPU
		{6C397608-06BD-4889-8F88-40890F3F00E5}.Debug|Any CPU.ActiveCfg = Debug|Any CPU
		{6C397608-06BD-4889-8F88-40890F3F00E5}.Debug|Any CPU.Build.0 = Debug|Any CPU
		{6C397608-06BD-4889-8F88-40890F3F00E5}.Release|Any CPU.ActiveCfg = Release|Any CPU
		{6C397608-06BD-4889-8F88-40890F3F00E5}.Release|Any CPU.Build.0 = Release|Any CPU
		{6C275D9A-599C-45A3-8391-07F92AC49A84}.Debug|Any CPU.ActiveCfg = Debug|Any CPU
		{6C275D9A-599C-45A3-8391-07F92AC49A84}.Debug|Any CPU.Build.0 = Debug|Any CPU
		{6C275D9A-599C-45A3-8391-07F92AC49A84}.Release|Any CPU.ActiveCfg = Release|Any CPU
		{6C275D9A-599C-45A3-8391-07F92AC49A84}.Release|Any CPU.Build.0 = Release|Any CPU
		{0B321F89-F3F8-4A90-AB69-C787D443593E}.Debug|Any CPU.ActiveCfg = Debug|Any CPU
		{0B321F89-F3F8-4A90-AB69-C787D443593E}.Debug|Any CPU.Build.0 = Debug|Any CPU
		{0B321F89-F3F8-4A90-AB69-C787D443593E}.Release|Any CPU.ActiveCfg = Release|Any CPU
		{0B321F89-F3F8-4A90-AB69-C787D443593E}.Release|Any CPU.Build.0 = Release|Any CPU
		{C32FD30D-BEE3-43EF-894B-154AB94E820F}.Debug|Any CPU.ActiveCfg = Debug|Any CPU
		{C32FD30D-BEE3-43EF-894B-154AB94E820F}.Debug|Any CPU.Build.0 = Debug|Any CPU
		{C32FD30D-BEE3-43EF-894B-154AB94E820F}.Debug|Any CPU.Deploy.0 = Debug|Any CPU
		{C32FD30D-BEE3-43EF-894B-154AB94E820F}.Release|Any CPU.ActiveCfg = Release|Any CPU
		{C32FD30D-BEE3-43EF-894B-154AB94E820F}.Release|Any CPU.Build.0 = Release|Any CPU
		{C32FD30D-BEE3-43EF-894B-154AB94E820F}.Release|Any CPU.Deploy.0 = Release|Any CPU
	EndGlobalSection
	GlobalSection(SolutionProperties) = preSolution
		HideSolutionNode = FALSE
	EndGlobalSection
	GlobalSection(ExtensibilityGlobals) = postSolution
		SolutionGuid = {06A1A09D-CBD5-4C72-8761-D4F8A633D501}
	EndGlobalSection
EndGlobal
